
Microsoft Visual Studio Solution File, Format Version 12.00
# Visual Studio 2013
VisualStudioVersion = 12.0.31101.0
MinimumVisualStudioVersion = 10.0.40219.1
Project("{FAE04EC0-301F-11D3-BF4B-00C04F79EFBC}") = "emotion_interface", "emotion_interface\emotion_interface.csproj", "{DE642DD9-8EAC-4DE5-9290-1AF73ECDD450}"
EndProject
Global
	GlobalSection(SolutionConfigurationPlatforms) = preSolution
		Debug|Any CPU = Debug|Any CPU
		Release|Any CPU = Release|Any CPU
	EndGlobalSection
	GlobalSection(ProjectConfigurationPlatforms) = postSolution
		{DE642DD9-8EAC-4DE5-9290-1AF73ECDD450}.Debug|Any CPU.ActiveCfg = Debug|Any CPU
		{DE642DD9-8EAC-4DE5-9290-1AF73ECDD450}.Debug|Any CPU.Build.0 = Debug|Any CPU
		{DE642DD9-8EAC-4DE5-9290-1AF73ECDD450}.Release|Any CPU.ActiveCfg = Release|Any CPU
		{DE642DD9-8EAC-4DE5-9290-1AF73ECDD450}.Release|Any CPU.Build.0 = Release|Any CPU
	EndGlobalSection
	GlobalSection(SolutionProperties) = preSolution
		HideSolutionNode = FALSE
	EndGlobalSection
EndGlobal
